{
  "name": "tellor-dispute-center",
  "version": "0.1.0",
  "lockfileVersion": 2,
  "requires": true,
  "dependencies": {
    "@ant-design/aliyun-theme": {
      "version": "0.0.3",
      "resolved": "https://registry.npmjs.org/@ant-design/aliyun-theme/-/aliyun-theme-0.0.3.tgz",
      "integrity": "sha512-vapr9hijhAZmzeUl4uKWK6057cilJ5Ijnp/fuTbi4Hw8/FKUoqHoOhJYBiPGk9FX9hBo92MY0wmwVcHtvTgOkw=="
    },
    "@ant-design/colors": {
      "version": "6.0.0",
      "resolved": "https://registry.npmjs.org/@ant-design/colors/-/colors-6.0.0.tgz",
      "integrity": "sha512-qAZRvPzfdWHtfameEGP2Qvuf838NhergR35o+EuVyB5XvSA98xod5r4utvi4TJ3ywmevm290g9nsCG5MryrdWQ==",
      "requires": {
        "@ctrl/tinycolor": "^3.4.0"
      }
    },
    "@ant-design/dark-theme": {
      "version": "2.0.2",
      "resolved": "https://registry.npmjs.org/@ant-design/dark-theme/-/dark-theme-2.0.2.tgz",
      "integrity": "sha512-wDzyDA8hky26PKMZ2pcqGq1rfprObGRbZcdh8C+aYH9JA7dzeQvKJ5CctOdjQKl/YyyR7HW5nFUcZfNOayfORw=="
    },
    "@ant-design/icons": {
      "version": "4.7.0",
      "resolved": "https://registry.npmjs.org/@ant-design/icons/-/icons-4.7.0.tgz",
      "integrity": "sha512-aoB4Z7JA431rt6d4u+8xcNPPCrdufSRMUOpxa1ab6mz1JCQZOEVolj2WVs/tDFmN62zzK30mNelEsprLYsSF3g==",
      "requires": {
        "@ant-design/colors": "^6.0.0",
        "@ant-design/icons-svg": "^4.2.1",
        "@babel/runtime": "^7.11.2",
        "classnames": "^2.2.6",
        "rc-util": "^5.9.4"
      }
    },
    "@ant-design/icons-svg": {
      "version": "4.2.1",
      "resolved": "https://registry.npmjs.org/@ant-design/icons-svg/-/icons-svg-4.2.1.tgz",
      "integrity": "sha512-EB0iwlKDGpG93hW8f85CTJTs4SvMX7tt5ceupvhALp1IF44SeUFOMhKUOYqpsoYWQKAOuTRDMqn75rEaKDp0Xw=="
    },
    "@ant-design/react-slick": {
      "version": "0.28.4",
      "resolved": "https://registry.npmjs.org/@ant-design/react-slick/-/react-slick-0.28.4.tgz",
      "integrity": "sha512-j9eAHTn7GxbXUFNknJoHS2ceAsqrQi2j8XykjZE1IXCD8kJF+t28EvhBLniDpbOsBk/3kjalnhriTfZcjBHNqg==",
      "requires": {
        "@babel/runtime": "^7.10.4",
        "classnames": "^2.2.5",
        "json2mq": "^0.2.0",
        "lodash": "^4.17.21",
        "resize-observer-polyfill": "^1.5.0"
      }
    },
    "@apollo/client": {
      "version": "3.5.4",
      "resolved": "https://registry.npmjs.org/@apollo/client/-/client-3.5.4.tgz",
      "integrity": "sha512-6kybsXEdtRYGUDap4kOded6OFw501H+wL3/WGeRtO+NBcLfhuvRwkfCNpm0oTJWDDSxhQnWKCbxJgrLgoxCeFg==",
      "requires": {
        "@graphql-typed-document-node/core": "^3.0.0",
        "@wry/context": "^0.6.0",
        "@wry/equality": "^0.5.0",
        "@wry/trie": "^0.3.0",
        "graphql-tag": "^2.12.3",
        "hoist-non-react-statics": "^3.3.2",
        "optimism": "^0.16.1",
        "prop-types": "^15.7.2",
        "symbol-observable": "^4.0.0",
        "ts-invariant": "^0.9.0",
        "tslib": "^2.3.0",
        "zen-observable-ts": "^1.2.0"
      }
    },
    "@babel/code-frame": {
      "version": "7.16.0",
      "resolved": "https://registry.npmjs.org/@babel/code-frame/-/code-frame-7.16.0.tgz",
      "integrity": "sha512-IF4EOMEV+bfYwOmNxGzSnjR2EmQod7f1UXOpZM3l4i4o4QNwzjtJAu/HxdjHq0aYBvdqMuQEY1eg0nqW9ZPORA==",
      "requires": {
        "@babel/highlight": "^7.16.0"
      }
    },
    "@babel/compat-data": {
      "version": "7.16.4",
      "resolved": "https://registry.npmjs.org/@babel/compat-data/-/compat-data-7.16.4.tgz",
      "integrity": "sha512-1o/jo7D+kC9ZjHX5v+EHrdjl3PhxMrLSOTGsOdHJ+KL8HCaEK6ehrVL2RS6oHDZp+L7xLirLrPmQtEng769J/Q=="
    },
    "@babel/core": {
      "version": "7.12.3",
      "resolved": "https://registry.npmjs.org/@babel/core/-/core-7.12.3.tgz",
      "integrity": "sha512-0qXcZYKZp3/6N2jKYVxZv0aNCsxTSVCiK72DTiTYZAu7sjg73W0/aynWjMbiGd87EQL4WyA8reiJVh92AVla9g==",
      "requires": {
        "@babel/code-frame": "^7.10.4",
        "@babel/generator": "^7.12.1",
        "@babel/helper-module-transforms": "^7.12.1",
        "@babel/helpers": "^7.12.1",
        "@babel/parser": "^7.12.3",
        "@babel/template": "^7.10.4",
        "@babel/traverse": "^7.12.1",
        "@babel/types": "^7.12.1",
        "convert-source-map": "^1.7.0",
        "debug": "^4.1.0",
        "gensync": "^1.0.0-beta.1",
        "json5": "^2.1.2",
        "lodash": "^4.17.19",
        "resolve": "^1.3.2",
        "semver": "^5.4.1",
        "source-map": "^0.5.0"
      },
      "dependencies": {
        "json5": {
          "version": "2.2.0",
          "resolved": "https://registry.npmjs.org/json5/-/json5-2.2.0.tgz",
          "integrity": "sha512-f+8cldu7X/y7RAJurMEJmdoKXGB/X550w2Nr3tTbezL6RwEE/iMcm+tZnXeoZtKuOq6ft8+CqzEkrIgx1fPoQA==",
          "requires": {
            "minimist": "^1.2.5"
          }
        },
        "semver": {
          "version": "5.7.1",
          "resolved": "https://registry.npmjs.org/semver/-/semver-5.7.1.tgz",
          "integrity": "sha512-sauaDf/PZdVgrLTNYHRtpXa1iRiKcaebiKQ1BJdpQlWH2lCvexQdX55snPFyK7QzpudqbCI0qXFfOasHdyNDGQ=="
        }
      }
    },
    "@babel/generator": {
      "version": "7.16.0",
      "resolved": "https://registry.npmjs.org/@babel/generator/-/generator-7.16.0.tgz",
      "integrity": "sha512-RR8hUCfRQn9j9RPKEVXo9LiwoxLPYn6hNZlvUOR8tSnaxlD0p0+la00ZP9/SnRt6HchKr+X0fO2r8vrETiJGew==",
      "requires": {
        "@babel/types": "^7.16.0",
        "jsesc": "^2.5.1",
        "source-map": "^0.5.0"
      }
    },
    "@babel/helper-annotate-as-pure": {
      "version": "7.16.0",
      "resolved": "https://registry.npmjs.org/@babel/helper-annotate-as-pure/-/helper-annotate-as-pure-7.16.0.tgz",
      "integrity": "sha512-ItmYF9vR4zA8cByDocY05o0LGUkp1zhbTQOH1NFyl5xXEqlTJQCEJjieriw+aFpxo16swMxUnUiKS7a/r4vtHg==",
      "requires": {
        "@babel/types": "^7.16.0"
      }
    },
    "@babel/helper-builder-binary-assignment-operator-visitor": {
      "version": "7.16.0",
      "resolved": "https://registry.npmjs.org/@babel/helper-builder-binary-assignment-operator-visitor/-/helper-builder-binary-assignment-operator-visitor-7.16.0.tgz",
      "integrity": "sha512-9KuleLT0e77wFUku6TUkqZzCEymBdtuQQ27MhEKzf9UOOJu3cYj98kyaDAzxpC7lV6DGiZFuC8XqDsq8/Kl6aQ==",
      "requires": {
        "@babel/helper-explode-assignable-expression": "^7.16.0",
        "@babel/types": "^7.16.0"
      }
    },
    "@babel/helper-compilation-targets": {
      "version": "7.16.3",
      "resolved": "https://registry.npmjs.org/@babel/helper-compilation-targets/-/helper-compilation-targets-7.16.3.tgz",
      "integrity": "sha512-vKsoSQAyBmxS35JUOOt+07cLc6Nk/2ljLIHwmq2/NM6hdioUaqEXq/S+nXvbvXbZkNDlWOymPanJGOc4CBjSJ
